
Microsoft Visual Studio Solution File, Format Version 12.00
# Visual Studio Version 17
VisualStudioVersion = 17.9.34728.123
MinimumVisualStudioVersion = 10.0.40219.1
Project("{FAE04EC0-301F-11D3-BF4B-00C04F79EFBC}") = "Herencia", "Herencia.csproj", "{AA235754-B58F-4348-A8E4-35D01C44916D}"
EndProject
Global
	GlobalSection(SolutionConfigurationPlatforms) = preSolution
		Debug|Any CPU = Debug|Any CPU
		Release|Any CPU = Release|Any CPU
	EndGlobalSection
	GlobalSection(ProjectConfigurationPlatforms) = postSolution
		{AA235754-B58F-4348-A8E4-35D01C44916D}.Debug|Any CPU.ActiveCfg = Debug|Any CPU
		{AA235754-B58F-4348-A8E4-35D01C44916D}.Debug|Any CPU.Build.0 = Debug|Any CPU
		{AA235754-B58F-4348-A8E4-35D01C44916D}.Release|Any CPU.ActiveCfg = Release|Any CPU
		{AA235754-B58F-4348-A8E4-35D01C44916D}.Release|Any CPU.Build.0 = Release|Any CPU
	EndGlobalSection
	GlobalSection(SolutionProperties) = preSolution
		HideSolutionNode = FALSE
	EndGlobalSection
	GlobalSection(ExtensibilityGlobals) = postSolution
		SolutionGuid = {3F3362AC-60AE-4F06-B772-C7CA301A4FDF}
	EndGlobalSection
EndGlobal
